["folke/which-key.nvim","370ec46f710e058c9c1646273e6b225acf47cbed"]
["rcarriga/nvim-notify","b5825cf9ee881dd8e43309c93374ed5b87b7a896"]
["echasnovski/mini.hipatterns","e5083df391171dc9d8172645606f8496d9443374"]
["lukas-reineke/indent-blankline.nvim","005b56001b2cb30bfa61b7986bc50657816ba4ba"]
["nvim-tree/nvim-web-devicons","50b5b06bff13a9b4eab946de7c7033649a6618a1"]
["mg979/vim-visual-multi","a6975e7c1ee157615bbc80fc25e4392f71c344d4"]
["kyazdani42/nvim-tree.lua","582ae48c9e43d2bcd55dfcc8e2e7a1f29065d924"]
["stevearc/oil.nvim","685cdb4ffa74473d75a1b97451f8654ceeab0f4a"]
["MagicDuck/grug-far.nvim","631331f9c6611b1a47e887f50b92b7cf450f51e7"]
["farmergreg/vim-lastplace","e58cb0df716d3c88605ae49db5c4741db8b48aa9"]
["nvim-lua/plenary.nvim","857c5ac632080dba10aae49dba902ce3abf91b35"]
["ThePrimeagen/harpoon","ed1f853847ffd04b2b61c314865665e1dadf22c7"]
["nvim-telescope/telescope.nvim","a4ed82509cecc56df1c7138920a1aeaf246c0ac5"]
["folke/todo-comments.nvim","304a8d204ee787d2544d8bc23cd38d2f929e7cc5"]
["folke/trouble.nvim","85bedb7eb7fa331a2ccbecb9202d8abba64d37b3"]
["L3MON4D3/LuaSnip","c9b9a22904c97d0eb69ccb9bab76037838326817"]
["Saghen/blink.cmp","cb5e346d9e0efa7a3eee7fd4da0b690c48d2a98e"]
["tpope/vim-fugitive","4a745ea72fa93bb15dd077109afbb3d1809383f2"]
["lewis6991/gitsigns.nvim","8dec8da8ed8a4463cc6abcd3cc3801373600767d"]
["williamboman/mason.nvim","fc98833b6da5de5a9c5b1446ac541577059555be"]
["vxpm/ferris.nvim","4e6444d3f5ebf58632e4d7ebffc4b1e106205ef7"]
["neovim/nvim-lspconfig","2e3f389aa06c7b7c29600ec2e67ee64c332077eb"]
["rcarriga/nvim-dap-ui","73a26abf4941aa27da59820fd6b028ebcdbcf932"]
["nvim-neotest/nvim-nio","21f5324bfac14e22ba26553caf69ec76ae8a7662"]
["mfussenegger/nvim-dap","8df427aeba0a06c6577dc3ab82de3076964e3b8d"]
["nvim-treesitter/nvim-treesitter","3b308861a8d7d7bfbe9be51d52e54dcfd9fe3d38"]
["nvim-treesitter/nvim-treesitter-textobjects","ed373482db797bbf71bdff37a15c7555a84dce47"]
["yorickpeterse/nvim-tree-pairs","ca093d7d8eb5b51ae48769c10d797ba8f4f6dfc6"]
["iamcco/markdown-preview.nvim","a923f5fc5ba36a3b17e289dc35dc17f66d0548ee"]
["OXY2DEV/markview.nvim","6bbbbf5790cdea622b53fe94b49b9801037e2db9"]
["dhruvasagar/vim-table-mode","e4365bde024f73e205eefa2fb78e3029ddb92ea9"]
["gbprod/substitute.nvim","9db749a880e3dd3b0eb57f698aa8f1e1630e1f25"]
["tpope/vim-abolish","dcbfe065297d31823561ba787f51056c147aa682"]
["teal-language/vim-teal","c87b8931afa68376b88ff721336f31512b9384f1"]
["kaarmu/typst.vim","323539709e29a537ff39dfce6c05f175a8921504"]
["andweeb/presence.nvim","87c857a56b7703f976d3a5ef15967d80508df6e6"]
