["folke/which-key.nvim","3aab2147e74890957785941f0c1ad87d0a44c15a"]
["rcarriga/nvim-notify","8701bece920b38ea289b457f902e2ad184131a5d"]
["echasnovski/mini.hipatterns","7c840c71d6a91f53d734cab2b6fe2290d285ec3b"]
["lukas-reineke/indent-blankline.nvim","f1e186e44d3b7f9ae918008e2c28ce37c6023d2d"]
["nvim-tree/nvim-web-devicons","5f032a85be210cd1c6ac98861eb3b187ff3bd5eb"]
["mg979/vim-visual-multi","a6975e7c1ee157615bbc80fc25e4392f71c344d4"]
["kyazdani42/nvim-tree.lua","882c54f2815bf6d02663d482c2cf9dbadf4e9b07"]
["stevearc/oil.nvim","b73018b75affd13fa38e2fc94ef753b465f770d7"]
["MagicDuck/grug-far.nvim","11595bf747edc270bce2069d1020502ad4ae56cf"]
["farmergreg/vim-lastplace","e58cb0df716d3c88605ae49db5c4741db8b48aa9"]
["nvim-lua/plenary.nvim","74b06c6c75e4eeb3108ec01852001636d85a932b"]
["ThePrimeagen/harpoon","87b1a3506211538f460786c23f98ec63ad9af4e5"]
["nvim-telescope/telescope.nvim","40aedd8a68c78a656a10a8d62d80c54af59420fb"]
["folke/todo-comments.nvim","31e3c38ce9b29781e4422fc0322eb0a21f4e8668"]
["folke/trouble.nvim","bd67efe408d4816e25e8491cc5ad4088e708a69a"]
["L3MON4D3/LuaSnip","0abc8f390b278c3b4aabc4c004ac8a088b65cf24"]
["Saghen/blink.cmp","539053d87740e357a96fb304c9a4da2ef27b3576"]
["tpope/vim-fugitive","3b753cf8c6a4dcde6edee8827d464ba9b8c4a6f0"]
["lewis6991/gitsigns.nvim","f2421c550618d257048afa650413d9e542ddbe67"]
["williamboman/mason.nvim","2a6940af80375532e5e9e7c1f2fc6319a1b7a69d"]
["vxpm/ferris.nvim","275865530d753a205740804f1ce163af2322db57"]
["neovim/nvim-lspconfig","ac9d2f7c4757db6320cab6697fe73e5e8adb2457"]
["rcarriga/nvim-dap-ui","cc9dd33aade7f20bae414d0cba163bc60d4d4b43"]
["nvim-neotest/nvim-nio","edcc181a875301dd21840189aa2f2f9ad69fc172"]
["mfussenegger/nvim-dap","cfa2d58f4537aca6ca83e2de1a0d9f1491121264"]
["nvim-treesitter/nvim-treesitter","d4d59cb369da46b95699bd2200efbcffc6dadb3b"]
["nvim-treesitter/nvim-treesitter-textobjects","5c7b0263797dfd1bd6202f2b219f3b53a80b2187"]
["yorickpeterse/nvim-tree-pairs","5fce834773cb31087cb0c2814a3462d1428e67b5"]
["iamcco/markdown-preview.nvim","a923f5fc5ba36a3b17e289dc35dc17f66d0548ee"]
["OXY2DEV/markview.nvim","8e6a30b728374eb244761a8027306f96c58eef8f"]
["dhruvasagar/vim-table-mode","bb025308a45c67c7c8f0763ba37bc2ee3f534df0"]
["gbprod/substitute.nvim","0d2077398552f069abccbd964a26dd7cd26882cd"]
["tpope/vim-abolish","dcbfe065297d31823561ba787f51056c147aa682"]
["teal-language/vim-teal","a416397cf7aad7b03ef53fd3d9847fd764bcbfee"]
["kaarmu/typst.vim","1d5436c0f55490893892441c0eca55e6cdf4916c"]
