["folke/which-key.nvim","370ec46f710e058c9c1646273e6b225acf47cbed"]
["rcarriga/nvim-notify","397c7c1184745fca649e5104de659e6392ef5a4d"]
["echasnovski/mini.hipatterns","d71c21167d6bd5f21c9ecf90912c510f9edfc02b"]
["lukas-reineke/indent-blankline.nvim","005b56001b2cb30bfa61b7986bc50657816ba4ba"]
["nvim-tree/nvim-web-devicons","0422a19d9aa3aad2c7e5cca167e5407b13407a9d"]
["mg979/vim-visual-multi","a6975e7c1ee157615bbc80fc25e4392f71c344d4"]
["kyazdani42/nvim-tree.lua","543ed3cac212dc3993ef9f042f6c0812e34ddd43"]
["stevearc/oil.nvim","bbad9a76b2617ce1221d49619e4e4b659b3c61fc"]
["MagicDuck/grug-far.nvim","45981a9af7f4e666a3cdaedb1d21d2ab926727a2"]
["farmergreg/vim-lastplace","e58cb0df716d3c88605ae49db5c4741db8b48aa9"]
["nvim-lua/plenary.nvim","857c5ac632080dba10aae49dba902ce3abf91b35"]
["ThePrimeagen/harpoon","ed1f853847ffd04b2b61c314865665e1dadf22c7"]
["nvim-telescope/telescope.nvim","b4da76be54691e854d3e0e02c36b0245f945c2c7"]
["folke/todo-comments.nvim","304a8d204ee787d2544d8bc23cd38d2f929e7cc5"]
["folke/trouble.nvim","85bedb7eb7fa331a2ccbecb9202d8abba64d37b3"]
["L3MON4D3/LuaSnip","831a130291eb6dae0dabd2748d0a99401a2eebc4"]
["Saghen/blink.cmp","586ee87534f5bf65f1c8dea2d1da2a57e8cddd36"]
["tpope/vim-fugitive","61b51c09b7c9ce04e821f6cf76ea4f6f903e3cf4"]
["lewis6991/gitsigns.nvim","93f882f7041a2e779addbd34943812ca66edef5a"]
["williamboman/mason.nvim","8024d64e1330b86044fed4c8494ef3dcd483a67c"]
["vxpm/ferris.nvim","a3c6d76715bd832b4c9af3ca409dc9dd923693b8"]
["neovim/nvim-lspconfig","f47cd681d7cb6048876a2e908b6d8ba1e530d152"]
["rcarriga/nvim-dap-ui","cf91d5e2d07c72903d052f5207511bf7ecdb7122"]
["nvim-neotest/nvim-nio","21f5324bfac14e22ba26553caf69ec76ae8a7662"]
["mfussenegger/nvim-dap","5dd4d50f2e6a2eaf9e57fad023d294ef371bda35"]
["nvim-treesitter/nvim-treesitter","42fc28ba918343ebfd5565147a42a26580579482"]
["nvim-treesitter/nvim-treesitter-textobjects","89ebe73cd2836db80a22d9748999ace0241917a5"]
["yorickpeterse/nvim-tree-pairs","ca093d7d8eb5b51ae48769c10d797ba8f4f6dfc6"]
["iamcco/markdown-preview.nvim","a923f5fc5ba36a3b17e289dc35dc17f66d0548ee"]
["OXY2DEV/markview.nvim","ec33f2aa333ca1d76f51847922578434d7aeadf7"]
["dhruvasagar/vim-table-mode","e4365bde024f73e205eefa2fb78e3029ddb92ea9"]
["gbprod/substitute.nvim","9db749a880e3dd3b0eb57f698aa8f1e1630e1f25"]
["tpope/vim-abolish","dcbfe065297d31823561ba787f51056c147aa682"]
["teal-language/vim-teal","c87b8931afa68376b88ff721336f31512b9384f1"]
["kaarmu/typst.vim","323539709e29a537ff39dfce6c05f175a8921504"]
